
Microsoft Visual Studio Solution File, Format Version 12.00
# Visual Studio Version 17
VisualStudioVersion = 17.3.32929.385
MinimumVisualStudioVersion = 10.0.40219.1
Project("{FAE04EC0-301F-11D3-BF4B-00C04F79EFBC}") = "CircularQueues_CSharp", "CircularQueues_CSharp\CircularQueues_CSharp.csproj", "{9F670C92-0FA2-45D0-B962-06B13B023B92}"
EndProject
Global
	GlobalSection(SolutionConfigurationPlatforms) = preSolution
		Debug|Any CPU = Debug|Any CPU
		Release|Any CPU = Release|Any CPU
	EndGlobalSection
	GlobalSection(ProjectConfigurationPlatforms) = postSolution
		{9F670C92-0FA2-45D0-B962-06B13B023B92}.Debug|Any CPU.ActiveCfg = Debug|Any CPU
		{9F670C92-0FA2-45D0-B962-06B13B023B92}.Debug|Any CPU.Build.0 = Debug|Any CPU
		{9F670C92-0FA2-45D0-B962-06B13B023B92}.Release|Any CPU.ActiveCfg = Release|Any CPU
		{9F670C92-0FA2-45D0-B962-06B13B023B92}.Release|Any CPU.Build.0 = Release|Any CPU
	EndGlobalSection
	GlobalSection(SolutionProperties) = preSolution
		HideSolutionNode = FALSE
	EndGlobalSection
	GlobalSection(ExtensibilityGlobals) = postSolution
		SolutionGuid = {43480257-C941-4908-94B6-F6640A019895}
	EndGlobalSection
EndGlobal
